// !$*UTF8*$!
{
	archiveVersion = 1;
	classes = {
	};
	objectVersion = 56;
	objects = {

/* Begin PBXBuildFile section */
		AE8BE5292AAF6E1900CC93B2 /* SafariView.swift in Sources */ = {isa = PBXBuildFile; fileRef = AE8BE5282AAF6E1900CC93B2 /* SafariView.swift */; };
		AE8BE52B2AAF726300CC93B2 /* XDismissButton.swift in Sources */ = {isa = PBXBuildFile; fileRef = AE8BE52A2AAF726300CC93B2 /* XDismissButton.swift */; };
		AEE964202AC02A840042710C /* FrameworkDetaileViewModel.swift in Sources */ = {isa = PBXBuildFile; fileRef = AEE9641F2AC02A840042710C /* FrameworkDetaileViewModel.swift */; };
		AEFBBA142AADCCFB0012AB9A /* AppleFrameworksAppApp.swift in Sources */ = {isa = PBXBuildFile; fileRef = AEFBBA132AADCCFB0012AB9A /* AppleFrameworksAppApp.swift */; };
		AEFBBA182AADCCFD0012AB9A /* Assets.xcassets in Resources */ = {isa = PBXBuildFile; fileRef = AEFBBA172AADCCFD0012AB9A /* Assets.xcassets */; };
		AEFBBA1B2AADCCFD0012AB9A /* Preview Assets.xcassets in Resources */ = {isa = PBXBuildFile; fileRef = AEFBBA1A2AADCCFD0012AB9A /* Preview Assets.xcassets */; };
		AEFBBA222AADCD4A0012AB9A /* Framework.swift in Sources */ = {isa = PBXBuildFile; fileRef = AEFBBA212AADCD4A0012AB9A /* Framework.swift */; };
		AEFBBA242AADCF030012AB9A /* FrameworkGridView.swift in Sources */ = {isa = PBXBuildFile; fileRef = AEFBBA232AADCF030012AB9A /* FrameworkGridView.swift */; };
		AEFBBA262AADCF3B0012AB9A /* FrameworkTitleView.swift in Sources */ = {isa = PBXBuildFile; fileRef = AEFBBA252AADCF3B0012AB9A /* FrameworkTitleView.swift */; };
		AEFBBA282AADDB6A0012AB9A /* FrameworkDetailedView.swift in Sources */ = {isa = PBXBuildFile; fileRef = AEFBBA272AADDB6A0012AB9A /* FrameworkDetailedView.swift */; };
		AEFBBA2A2AADE05B0012AB9A /* AFButton.swift in Sources */ = {isa = PBXBuildFile; fileRef = AEFBBA292AADE05B0012AB9A /* AFButton.swift */; };
		AEFBBA2C2AAE17390012AB9A /* FrameworkGridViewModel.swift in Sources */ = {isa = PBXBuildFile; fileRef = AEFBBA2B2AAE17390012AB9A /* FrameworkGridViewModel.swift */; };
/* End PBXBuildFile section */

/* Begin PBXFileReference section */
		AE8BE5282AAF6E1900CC93B2 /* SafariView.swift */ = {isa = PBXFileReference; lastKnownFileType = sourcecode.swift; path = SafariView.swift; sourceTree = "<group>"; };
		AE8BE52A2AAF726300CC93B2 /* XDismissButton.swift */ = {isa = PBXFileReference; lastKnownFileType = sourcecode.swift; path = XDismissButton.swift; sourceTree = "<group>"; };
		AEE9641F2AC02A840042710C /* FrameworkDetaileViewModel.swift */ = {isa = PBXFileReference; lastKnownFileType = sourcecode.swift; path = FrameworkDetaileViewModel.swift; sourceTree = "<group>"; };
		AEFBBA102AADCCFB0012AB9A /* AppleFrameworksApp.app */ = {isa = PBXFileReference; explicitFileType = wrapper.application; includeInIndex = 0; path = AppleFrameworksApp.app; sourceTree = BUILT_PRODUCTS_DIR; };
		AEFBBA132AADCCFB0012AB9A /* AppleFrameworksAppApp.swift */ = {isa = PBXFileReference; lastKnownFileType = sourcecode.swift; path = AppleFrameworksAppApp.swift; sourceTree = "<group>"; };
		AEFBBA172AADCCFD0012AB9A /* Assets.xcassets */ = {isa = PBXFileReference; lastKnownFileType = folder.assetcatalog; path = Assets.xcassets; sourceTree = "<group>"; };
		AEFBBA1A2AADCCFD0012AB9A /* Preview Assets.xcassets */ = {isa = PBXFileReference; lastKnownFileType = folder.assetcatalog; path = "Preview Assets.xcassets"; sourceTree = "<group>"; };
		AEFBBA212AADCD4A0012AB9A /* Framework.swift */ = {isa = PBXFileReference; lastKnownFileType = sourcecode.swift; path = Framework.swift; sourceTree = "<group>"; };
		AEFBBA232AADCF030012AB9A /* FrameworkGridView.swift */ = {isa = PBXFileReference; lastKnownFileType = sourcecode.swift; path = FrameworkGridView.swift; sourceTree = "<group>"; };
		AEFBBA252AADCF3B0012AB9A /* FrameworkTitleView.swift */ = {isa = PBXFileReference; lastKnownFileType = sourcecode.swift; path = FrameworkTitleView.swift; sourceTree = "<group>"; };
		AEFBBA272AADDB6A0012AB9A /* FrameworkDetailedView.swift */ = {isa = PBXFileReference; lastKnownFileType = sourcecode.swift; path = FrameworkDetailedView.swift; sourceTree = "<group>"; };
		AEFBBA292AADE05B0012AB9A /* AFButton.swift */ = {isa = PBXFileReference; lastKnownFileType = sourcecode.swift; path = AFButton.swift; sourceTree = "<group>"; };
		AEFBBA2B2AAE17390012AB9A /* FrameworkGridViewModel.swift */ = {isa = PBXFileReference; lastKnownFileType = sourcecode.swift; path = FrameworkGridViewModel.swift; sourceTree = "<group>"; };
/* End PBXFileReference section */

/* Begin PBXFrameworksBuildPhase section */
		AEFBBA0D2AADCCFB0012AB9A /* Frameworks */ = {
			isa = PBXFrameworksBuildPhase;
			buildActionMask = 2147483647;
			files = (
			);
			runOnlyForDeploymentPostprocessing = 0;
		};
/* End PBXFrameworksBuildPhase section */

/* Begin PBXGroup section */
		AE8BE52C2AAF73C900CC93B2 /* Views */ = {
			isa = PBXGroup;
			children = (
				AE8BE5312AAF746400CC93B2 /* View */,
				AE8BE5302AAF744E00CC93B2 /* Buttons */,
				AE8BE52E2AAF741400CC93B2 /* FrameworkDetailedView */,
				AE8BE52D2AAF73E500CC93B2 /* FrameworkGridView */,
			);
			path = Views;
			sourceTree = "<group>";
		};
		AE8BE52D2AAF73E500CC93B2 /* FrameworkGridView */ = {
			isa = PBXGroup;
			children = (
				AEFBBA232AADCF030012AB9A /* FrameworkGridView.swift */,
				AEFBBA2B2AAE17390012AB9A /* FrameworkGridViewModel.swift */,
			);
			path = FrameworkGridView;
			sourceTree = "<group>";
		};
		AE8BE52E2AAF741400CC93B2 /* FrameworkDetailedView */ = {
			isa = PBXGroup;
			children = (
				AEFBBA272AADDB6A0012AB9A /* FrameworkDetailedView.swift */,
				AEE9641F2AC02A840042710C /* FrameworkDetaileViewModel.swift */,
			);
			path = FrameworkDetailedView;
			sourceTree = "<group>";
		};
		AE8BE52F2AAF743000CC93B2 /* Model */ = {
			isa = PBXGroup;
			children = (
				AEFBBA212AADCD4A0012AB9A /* Framework.swift */,
			);
			path = Model;
			sourceTree = "<group>";
		};
		AE8BE5302AAF744E00CC93B2 /* Buttons */ = {
			isa = PBXGroup;
			children = (
				AEFBBA292AADE05B0012AB9A /* AFButton.swift */,
				AE8BE52A2AAF726300CC93B2 /* XDismissButton.swift */,
			);
			path = Buttons;
			sourceTree = "<group>";
		};
		AE8BE5312AAF746400CC93B2 /* View */ = {
			isa = PBXGroup;
			children = (
				AEFBBA252AADCF3B0012AB9A /* FrameworkTitleView.swift */,
			);
			path = View;
			sourceTree = "<group>";
		};
		AE8BE5322AAF747D00CC93B2 /* UIKit Components */ = {
			isa = PBXGroup;
			children = (
				AE8BE5282AAF6E1900CC93B2 /* SafariView.swift */,
			);
			path = "UIKit Components";
			sourceTree = "<group>";
		};
		AEFBBA072AADCCFB0012AB9A = {
			isa = PBXGroup;
			children = (
				AEFBBA122AADCCFB0012AB9A /* AppleFrameworksApp */,
				AEFBBA112AADCCFB0012AB9A /* Products */,
			);
			sourceTree = "<group>";
		};
		AEFBBA112AADCCFB0012AB9A /* Products */ = {
			isa = PBXGroup;
			children = (
				AEFBBA102AADCCFB0012AB9A /* AppleFrameworksApp.app */,
			);
			name = Products;
			sourceTree = "<group>";
		};
		AEFBBA122AADCCFB0012AB9A /* AppleFrameworksApp */ = {
			isa = PBXGroup;
			children = (
				AE8BE5322AAF747D00CC93B2 /* UIKit Components */,
				AE8BE52F2AAF743000CC93B2 /* Model */,
				AE8BE52C2AAF73C900CC93B2 /* Views */,
				AEFBBA132AADCCFB0012AB9A /* AppleFrameworksAppApp.swift */,
				AEFBBA172AADCCFD0012AB9A /* Assets.xcassets */,
				AEFBBA192AADCCFD0012AB9A /* Preview Content */,
			);
			path = AppleFrameworksApp;
			sourceTree = "<group>";
		};
		AEFBBA192AADCCFD0012AB9A /* Preview Content */ = {
			isa = PBXGroup;
			children = (
				AEFBBA1A2AADCCFD0012AB9A /* Preview Assets.xcassets */,
			);
			path = "Preview Content";
			sourceTree = "<group>";
		};
/* End PBXGroup section */

/* Begin PBXNativeTarget section */
		AEFBBA0F2AADCCFB0012AB9A /* AppleFrameworksApp */ = {
			isa = PBXNativeTarget;
			buildConfigurationList = AEFBBA1E2AADCCFD0012AB9A /* Build configuration list for PBXNativeTarget "AppleFrameworksApp" */;
			buildPhases = (
				AEFBBA0C2AADCCFB0012AB9A /* Sources */,
				AEFBBA0D2AADCCFB0012AB9A /* Frameworks */,
				AEFBBA0E2AADCCFB0012AB9A /* Resources */,
			);
			buildRules = (
			);
			dependencies = (
			);
			name = AppleFrameworksApp;
			productName = AppleFrameworksApp;
			productReference = AEFBBA102AADCCFB0012AB9A /* AppleFrameworksApp.app */;
			productType = "com.apple.product-type.application";
		};
/* End PBXNativeTarget section */

/* Begin PBXProject section */
		AEFBBA082AADCCFB0012AB9A /* Project object */ = {
			isa = PBXProject;
			attributes = {
				BuildIndependentTargetsInParallel = 1;
				LastSwiftUpdateCheck = 1500;
				LastUpgradeCheck = 1500;
				TargetAttributes = {
					AEFBBA0F2AADCCFB0012AB9A = {
						CreatedOnToolsVersion = 15.0;
					};
				};
			};
			buildConfigurationList = AEFBBA0B2AADCCFB0012AB9A /* Build configuration list for PBXProject "AppleFrameworksApp" */;
			compatibilityVersion = "Xcode 14.0";
			developmentRegion = en;
			hasScannedForEncodings = 0;
			knownRegions = (
				en,
				Base,
			);
			mainGroup = AEFBBA072AADCCFB0012AB9A;
			productRefGroup = AEFBBA112AADCCFB0012AB9A /* Products */;
			projectDirPath = "";
			projectRoot = "";
			targets = (
				AEFBBA0F2AADCCFB0012AB9A /* AppleFrameworksApp */,
			);
		};
/* End PBXProject section */

/* Begin PBXResourcesBuildPhase section */
		AEFBBA0E2AADCCFB0012AB9A /* Resources */ = {
			isa = PBXResourcesBuildPhase;
			buildActionMask = 2147483647;
			files = (
				AEFBBA1B2AADCCFD0012AB9A /* Preview Assets.xcassets in Resources */,
				AEFBBA182AADCCFD0012AB9A /* Assets.xcassets in Resources */,
			);
			runOnlyForDeploymentPostprocessing = 0;
		};
/* End PBXResourcesBuildPhase section */

/* Begin PBXSourcesBuildPhase section */
		AEFBBA0C2AADCCFB0012AB9A /* Sources */ = {
			isa = PBXSourcesBuildPhase;
			buildActionMask = 2147483647;
			files = (
				AEFBBA242AADCF030012AB9A /* FrameworkGridView.swift in Sources */,
				AEFBBA222AADCD4A0012AB9A /* Framework.swift in Sources */,
				AE8BE52B2AAF726300CC93B2 /* XDismissButton.swift in Sources */,
				AEFBBA282AADDB6A0012AB9A /* FrameworkDetailedView.swift in Sources */,
				AEE964202AC02A840042710C /* FrameworkDetaileViewModel.swift in Sources */,
				AEFBBA142AADCCFB0012AB9A /* AppleFrameworksAppApp.swift in Sources */,
				AE8BE5292AAF6E1900CC93B2 /* SafariView.swift in Sources */,
				AEFBBA2A2AADE05B0012AB9A /* AFButton.swift in Sources */,
				AEFBBA2C2AAE17390012AB9A /* FrameworkGridViewModel.swift in Sources */,
				AEFBBA262AADCF3B0012AB9A /* FrameworkTitleView.swift in Sources */,
			);
			runOnlyForDeploymentPostprocessing = 0;
		};
/* End PBXSourcesBuildPhase section */

/* Begin XCBuildConfiguration section */
		AEFBBA1C2AADCCFD0012AB9A /* Debug */ = {
			isa = XCBuildConfiguration;
			buildSettings = {
				ALWAYS_SEARCH_USER_PATHS = NO;
				ASSETCATALOG_COMPILER_GENERATE_SWIFT_ASSET_SYMBOL_EXTENSIONS = YES;
				CLANG_ANALYZER_NONNULL = YES;
				CLANG_ANALYZER_NUMBER_OBJECT_CONVERSION = YES_AGGRESSIVE;
				CLANG_CXX_LANGUAGE_STANDARD = "gnu++20";
				CLANG_ENABLE_MODULES = YES;
				CLANG_ENABLE_OBJC_ARC = YES;
				CLANG_ENABLE_OBJC_WEAK = YES;
				CLANG_WARN_BLOCK_CAPTURE_AUTORELEASING = YES;
				CLANG_WARN_BOOL_CONVERSION = YES;
				CLANG_WARN_COMMA = YES;
				CLANG_WARN_CONSTANT_CONVERSION = YES;
				CLANG_WARN_DEPRECATED_OBJC_IMPLEMENTATIONS = YES;
				CLANG_WARN_DIRECT_OBJC_ISA_USAGE = YES_ERROR;
				CLANG_WARN_DOCUMENTATION_COMMENTS = YES;
				CLANG_WARN_EMPTY_BODY = YES;
				CLANG_WARN_ENUM_CONVERSION = YES;
				CLANG_WARN_INFINITE_RECURSION = YES;
				CLANG_WARN_INT_CONVERSION = YES;
				CLANG_WARN_NON_LITERAL_NULL_CONVERSION = YES;
				CLANG_WARN_OBJC_IMPLICIT_RETAIN_SELF = YES;
				CLANG_WARN_OBJC_LITERAL_CONVERSION = YES;
				CLANG_WARN_OBJC_ROOT_CLASS = YES_ERROR;
				CLANG_WARN_QUOTED_INCLUDE_IN_FRAMEWORK_HEADER = YES;
				CLANG_WARN_RANGE_LOOP_ANALYSIS = YES;
				CLANG_WARN_STRICT_PROTOTYPES = YES;
				CLANG_WARN_SUSPICIOUS_MOVE = YES;
				CLANG_WARN_UNGUARDED_AVAILABILITY = YES_AGGRESSIVE;
				CLANG_WARN_UNREACHABLE_CODE = YES;
				CLANG_WARN__DUPLICATE_METHOD_MATCH = YES;
				COPY_PHASE_STRIP = NO;
				DEBUG_INFORMATION_FORMAT = dwarf;
				ENABLE_STRICT_OBJC_MSGSEND = YES;
				ENABLE_TESTABILITY = YES;
				ENABLE_USER_SCRIPT_SANDBOXING = YES;
				GCC_C_LANGUAGE_STANDARD = gnu17;
				GCC_DYNAMIC_NO_PIC = NO;
				GCC_NO_COMMON_BLOCKS = YES;
				GCC_OPTIMIZATION_LEVEL = 0;
				GCC_PREPROCESSOR_DEFINITIONS = (
					"DEBUG=1",
					"$(inherited)",
				);
				GCC_WARN_64_TO_32_BIT_CONVERSION = YES;
				GCC_WARN_ABOUT_RETURN_TYPE = YES_ERROR;
				GCC_WARN_UNDECLARED_SELECTOR = YES;
				GCC_WARN_UNINITIALIZED_AUTOS = YES_AGGRESSIVE;
				GCC_WARN_UNUSED_FUNCTION = YES;
				GCC_WARN_UNUSED_VARIABLE = YES;
				IPHONEOS_DEPLOYMENT_TARGET = 17.0;
				LOCALIZATION_PREFERS_STRING_CATALOGS = YES;
				MTL_ENABLE_DEBUG_INFO = INCLUDE_SOURCE;
				MTL_FAST_MATH = YES;
				ONLY_ACTIVE_ARCH = YES;
				SDKROOT = iphoneos;
				SWIFT_ACTIVE_COMPILATION_CONDITIONS = "DEBUG $(inherited)";
				SWIFT_OPTIMIZATION_LEVEL = "-Onone";
			};
			name = Debug;
		};
		AEFBBA1D2AADCCFD0012AB9A /* Release */ = {
			isa = XCBuildConfiguration;
			buildSettings = {
				ALWAYS_SEARCH_USER_PATHS = NO;
				ASSETCATALOG_COMPILER_GENERATE_SWIFT_ASSET_SYMBOL_EXTENSIONS = YES;
				CLANG_ANALYZER_NONNULL = YES;
				CLANG_ANALYZER_NUMBER_OBJECT_CONVERSION = YES_AGGRESSIVE;
				CLANG_CXX_LANGUAGE_STANDARD = "gnu++20";
				CLANG_ENABLE_MODULES = YES;
				CLANG_ENABLE_OBJC_ARC = YES;
				CLANG_ENABLE_OBJC_WEAK = YES;
				CLANG_WARN_BLOCK_CAPTURE_AUTORELEASING = YES;
				CLANG_WARN_BOOL_CONVERSION = YES;
				CLANG_WARN_COMMA = YES;
				CLANG_WARN_CONSTANT_CONVERSION = YES;
				CLANG_WARN_DEPRECATED_OBJC_IMPLEMENTATIONS = YES;
				CLANG_WARN_DIRECT_OBJC_ISA_USAGE = YES_ERROR;
				CLANG_WARN_DOCUMENTATION_COMMENTS = YES;
				CLANG_WARN_EMPTY_BODY = YES;
				CLANG_WARN_ENUM_CONVERSION = YES;
				CLANG_WARN_INFINITE_RECURSION = YES;
				CLANG_WARN_INT_CONVERSION = YES;
				CLANG_WARN_NON_LITERAL_NULL_CONVERSION = YES;
				CLANG_WARN_OBJC_IMPLICIT_RETAIN_SELF = YES;
				CLANG_WARN_OBJC_LITERAL_CONVERSION = YES;
				CLANG_WARN_OBJC_ROOT_CLASS = YES_ERROR;
				CLANG_WARN_QUOTED_INCLUDE_IN_FRAMEWORK_HEADER = YES;
				CLANG_WARN_RANGE_LOOP_ANALYSIS = YES;
				CLANG_WARN_STRICT_PROTOTYPES = YES;
				CLANG_WARN_SUSPICIOUS_MOVE = YES;
				CLANG_WARN_UNGUARDED_AVAILABILITY = YES_AGGRESSIVE;
				CLANG_WARN_UNREACHABLE_CODE = YES;
				CLANG_WARN__DUPLICATE_METHOD_MATCH = YES;
				COPY_PHASE_STRIP = NO;
				DEBUG_INFORMATION_FORMAT = "dwarf-with-dsym";
				ENABLE_NS_ASSERTIONS = NO;
				ENABLE_STRICT_OBJC_MSGSEND = YES;
				ENABLE_USER_SCRIPT_SANDBOXING = YES;
				GCC_C_LANGUAGE_STANDARD = gnu17;
				GCC_NO_COMMON_BLOCKS = YES;
				GCC_WARN_64_TO_32_BIT_CONVERSION = YES;
				GCC_WARN_ABOUT_RETURN_TYPE = YES_ERROR;
				GCC_WARN_UNDECLARED_SELECTOR = YES;
				GCC_WARN_UNINITIALIZED_AUTOS = YES_AGGRESSIVE;
				GCC_WARN_UNUSED_FUNCTION = YES;
				GCC_WARN_UNUSED_VARIABLE = YES;
				IPHONEOS_DEPLOYMENT_TARGET = 17.0;
				LOCALIZATION_PREFERS_STRING_CATALOGS = YES;
				MTL_ENABLE_DEBUG_INFO = NO;
				MTL_FAST_MATH = YES;
				SDKROOT = iphoneos;
				SWIFT_COMPILATION_MODE = wholemodule;
				VALIDATE_PRODUCT = YES;
			};
			name = Release;
		};
		AEFBBA1F2AADCCFD0012AB9A /* Debug */ = {
			isa = XCBuildConfiguration;
			buildSettings = {
				ASSETCATALOG_COMPILER_APPICON_NAME = AppIcon;
				ASSETCATALOG_COMPILER_GLOBAL_ACCENT_COLOR_NAME = AccentColor;
				CODE_SIGN_STYLE = Automatic;
				CURRENT_PROJECT_VERSION = 1;
				DEVELOPMENT_ASSET_PATHS = "\"AppleFrameworksApp/Preview Content\"";
				DEVELOPMENT_TEAM = B48FP6P4K8;
				ENABLE_PREVIEWS = YES;
				GENERATE_INFOPLIST_FILE = YES;
				INFOPLIST_KEY_UIApplicationSceneManifest_Generation = YES;
				INFOPLIST_KEY_UIApplicationSupportsIndirectInputEvents = YES;
				INFOPLIST_KEY_UILaunchScreen_Generation = YES;
				INFOPLIST_KEY_UISupportedInterfaceOrientations_iPad = "UIInterfaceOrientationPortrait UIInterfaceOrientationPortraitUpsideDown UIInterfaceOrientationLandscapeLeft UIInterfaceOrientationLandscapeRight";
				INFOPLIST_KEY_UISupportedInterfaceOrientations_iPhone = "UIInterfaceOrientationPortrait UIInterfaceOrientationLandscapeLeft UIInterfaceOrientationLandscapeRight";
				IPHONEOS_DEPLOYMENT_TARGET = 17.0;
				LD_RUNPATH_SEARCH_PATHS = (
					"$(inherited)",
					"@executable_path/Frameworks",
				);
				MARKETING_VERSION = 1.0;
				PRODUCT_BUNDLE_IDENTIFIER = com.infiniti.setgame.AppleFrameworksApp;
				PRODUCT_NAME = "$(TARGET_NAME)";
				SWIFT_EMIT_LOC_STRINGS = YES;
				SWIFT_VERSION = 5.0;
				TARGETED_DEVICE_FAMILY = "1,2";
			};
			name = Debug;
		};
		AEFBBA202AADCCFD0012AB9A /* Release */ = {
			isa = XCBuildConfiguration;
			buildSettings = {
				ASSETCATALOG_COMPILER_APPICON_NAME = AppIcon;
				ASSETCATALOG_COMPILER_GLOBAL_ACCENT_COLOR_NAME = AccentColor;
				CODE_SIGN_STYLE = Automatic;
				CURRENT_PROJECT_VERSION = 1;
				DEVELOPMENT_ASSET_PATHS = "\"AppleFrameworksApp/Preview Content\"";
				DEVELOPMENT_TEAM = B48FP6P4K8;
				ENABLE_PREVIEWS = YES;
				GENERATE_INFOPLIST_FILE = YES;
				INFOPLIST_KEY_UIApplicationSceneManifest_Generation = YES;
				INFOPLIST_KEY_UIApplicationSupportsIndirectInputEvents = YES;
				INFOPLIST_KEY_UILaunchScreen_Generation = YES;
				INFOPLIST_KEY_UISupportedInterfaceOrientations_iPad = "UIInterfaceOrientationPortrait UIInterfaceOrientationPortraitUpsideDown UIInterfaceOrientationLandscapeLeft UIInterfaceOrientationLandscapeRight";
				INFOPLIST_KEY_UISupportedInterfaceOrientations_iPhone = "UIInterfaceOrientationPortrait UIInterfaceOrientationLandscapeLeft UIInterfaceOrientationLandscapeRight";
				IPHONEOS_DEPLOYMENT_TARGET = 17.0;
				LD_RUNPATH_SEARCH_PATHS = (
					"$(inherited)",
					"@executable_path/Frameworks",
				);
				MARKETING_VERSION = 1.0;
				PRODUCT_BUNDLE_IDENTIFIER = com.infiniti.setgame.AppleFrameworksApp;
				PRODUCT_NAME = "$(TARGET_NAME)";
				SWIFT_EMIT_LOC_STRINGS = YES;
				SWIFT_VERSION = 5.0;
				TARGETED_DEVICE_FAMILY = "1,2";
			};
			name = Release;
		};
/* End XCBuildConfiguration section */

/* Begin XCConfigurationList section */
		AEFBBA0B2AADCCFB0012AB9A /* Build configuration list for PBXProject "AppleFrameworksApp" */ = {
			isa = XCConfigurationList;
			buildConfigurations = (
				AEFBBA1C2AADCCFD0012AB9A /* Debug */,
				AEFBBA1D2AADCCFD0012AB9A /* Release */,
			);
			defaultConfigurationIsVisible = 0;
			defaultConfigurationName = Release;
		};
		AEFBBA1E2AADCCFD0012AB9A /* Build configuration list for PBXNativeTarget "AppleFrameworksApp" */ = {
			isa = XCConfigurationList;
			buildConfigurations = (
				AEFBBA1F2AADCCFD0012AB9A /* Debug */,
				AEFBBA202AADCCFD0012AB9A /* Release */,
			);
			defaultConfigurationIsVisible = 0;
			defaultConfigurationName = Release;
		};
/* End XCConfigurationList section */
	};
	rootObject = AEFBBA082AADCCFB0012AB9A /* Project object */;
}
